
Microsoft Visual Studio Solution File, Format Version 12.00
# Visual Studio Version 17
VisualStudioVersion = 17.0.32014.148
MinimumVisualStudioVersion = 10.0.40219.1
Project("{9A19103F-16F7-4668-BE54-9A1E7A4F7556}") = "ParolaSaklayici", "ParolaSaklayici\ParolaSaklayici.csproj", "{96D8DB57-D1AD-4D78-A690-A44A8245845C}"
EndProject
Global
	GlobalSection(SolutionConfigurationPlatforms) = preSolution
		Debug|Any CPU = Debug|Any CPU
		Release|Any CPU = Release|Any CPU
	EndGlobalSection
	GlobalSection(ProjectConfigurationPlatforms) = postSolution
		{96D8DB57-D1AD-4D78-A690-A44A8245845C}.Debug|Any CPU.ActiveCfg = Debug|Any CPU
		{96D8DB57-D1AD-4D78-A690-A44A8245845C}.Debug|Any CPU.Build.0 = Debug|Any CPU
		{96D8DB57-D1AD-4D78-A690-A44A8245845C}.Release|Any CPU.ActiveCfg = Release|Any CPU
		{96D8DB57-D1AD-4D78-A690-A44A8245845C}.Release|Any CPU.Build.0 = Release|Any CPU
	EndGlobalSection
	GlobalSection(SolutionProperties) = preSolution
		HideSolutionNode = FALSE
	EndGlobalSection
	GlobalSection(ExtensibilityGlobals) = postSolution
		SolutionGuid = {CD665578-8325-40A1-A441-1A6C5304BA9E}
	EndGlobalSection
EndGlobal
